{
  "lockfileVersion": 1,
  "configVersion": 1,
  "workspaces": {
    "": {
      "name": "@mttzzz/nuxt-claude-infra",
      "dependencies": {
        "postgres": "^3.4.7",
      },
      "devDependencies": {
        "@types/bun": "latest",
        "@types/node": "^22.0.0",
        "typescript": "^5.6.0",
      },
      "peerDependencies": {
        "@nuxt/test-utils": "^4.0.3",
        "vitest": "^4.0.0",
      },
      "optionalPeers": [
        "@nuxt/test-utils",
        "vitest",
      ],
    },
  },
  "packages": {
    "@types/bun": ["@types/bun@1.3.13", "", { "dependencies": { "bun-types": "1.3.13" } }, "sha512-9fqXWk5YIHGGnUau9TEi+qdlTYDAnOj+xLCmSTwXfAIqXr2x4tytJb43E9uCvt09zJURKXwAtkoH4nLQfzeTXw=="],

    "@types/node": ["@types/node@22.19.18", "", { "dependencies": { "undici-types": "~6.21.0" } }, "sha512-9v00a+dn2yWVsYDEunWC4g/TcRKVq3r8N5FuZp7u0SGrPvdN9c2yXI9bBuf5Fl0hNCb+QTIePTn5pJs2pwBOQQ=="],

    "bun-types": ["bun-types@1.3.13", "", { "dependencies": { "@types/node": "*" } }, "sha512-QXKeHLlOLqQX9LgYaHJfzdBaV21T63HhFJnvuRCcjZiaUDpbs5ED1MgxbMra71CsryN/1dAoXuJJJwIv/2drVA=="],

    "postgres": ["postgres@3.4.9", "", {}, "sha512-GD3qdB0x1z9xgFI6cdRD6xu2Sp2WCOEoe3mtnyB5Ee0XrrL5Pe+e4CCnJrRMnL1zYtRDZmQQVbvOttLnKDLnaw=="],

    "typescript": ["typescript@5.9.3", "", { "bin": { "tsc": "bin/tsc", "tsserver": "bin/tsserver" } }, "sha512-jl1vZzPDinLr9eUt3J/t7V6FgNEw9QjvBPdysz9KfQDD41fQrC2Y4vKQdiaUpFT4bXlb1RHhLpp8wtm6M5TgSw=="],

    "undici-types": ["undici-types@6.21.0", "", {}, "sha512-iwDZqg0QAGrg9Rav5H4n0M64c3mkR59cJ6wQp+7C4nI0gsmExaedaYLNO44eT4AtBBwjbTiGPMlt2Md0T9H9JQ=="],
  }
}
